
Microsoft Visual Studio Solution File, Format Version 12.00
# Visual Studio Version 16
VisualStudioVersion = 16.0.30717.126
MinimumVisualStudioVersion = 10.0.40219.1
Project("{FAE04EC0-301F-11D3-BF4B-00C04F79EFBC}") = "address20210218", "address20210218\address20210218.csproj", "{4C940EB4-B895-4D13-A0CE-631B5CD619A8}"
EndProject
Global
	GlobalSection(SolutionConfigurationPlatforms) = preSolution
		Debug|Any CPU = Debug|Any CPU
		Release|Any CPU = Release|Any CPU
	EndGlobalSection
	GlobalSection(ProjectConfigurationPlatforms) = postSolution
		{4C940EB4-B895-4D13-A0CE-631B5CD619A8}.Debug|Any CPU.ActiveCfg = Debug|Any CPU
		{4C940EB4-B895-4D13-A0CE-631B5CD619A8}.Debug|Any CPU.Build.0 = Debug|Any CPU
		{4C940EB4-B895-4D13-A0CE-631B5CD619A8}.Release|Any CPU.ActiveCfg = Release|Any CPU
		{4C940EB4-B895-4D13-A0CE-631B5CD619A8}.Release|Any CPU.Build.0 = Release|Any CPU
	EndGlobalSection
	GlobalSection(SolutionProperties) = preSolution
		HideSolutionNode = FALSE
	EndGlobalSection
	GlobalSection(ExtensibilityGlobals) = postSolution
		SolutionGuid = {FC59CA47-7046-48F7-AE9B-108068788F94}
	EndGlobalSection
EndGlobal
